
Microsoft Visual Studio Solution File, Format Version 12.00
# Visual Studio 15
VisualStudioVersion = 15.0.27703.2035
MinimumVisualStudioVersion = 10.0.40219.1
Project("{FAE04EC0-301F-11D3-BF4B-00C04F79EFBC}") = "MT103Parser", "MT103Parser\MT103Parser.csproj", "{244E3E38-761C-42A1-A96A-00EC1FC584B0}"
EndProject
Project("{FAE04EC0-301F-11D3-BF4B-00C04F79EFBC}") = "MT103Parser.Services", "MT103Parser.Services\MT103Parser.Services.csproj", "{5E5DBC7A-D687-495E-A352-E4D0F8D0089A}"
EndProject
Global
	GlobalSection(SolutionConfigurationPlatforms) = preSolution
		Debug|Any CPU = Debug|Any CPU
		Release|Any CPU = Release|Any CPU
	EndGlobalSection
	GlobalSection(ProjectConfigurationPlatforms) = postSolution
		{244E3E38-761C-42A1-A96A-00EC1FC584B0}.Debug|Any CPU.ActiveCfg = Debug|Any CPU
		{244E3E38-761C-42A1-A96A-00EC1FC584B0}.Debug|Any CPU.Build.0 = Debug|Any CPU
		{244E3E38-761C-42A1-A96A-00EC1FC584B0}.Release|Any CPU.ActiveCfg = Release|Any CPU
		{244E3E38-761C-42A1-A96A-00EC1FC584B0}.Release|Any CPU.Build.0 = Release|Any CPU
		{5E5DBC7A-D687-495E-A352-E4D0F8D0089A}.Debug|Any CPU.ActiveCfg = Debug|Any CPU
		{5E5DBC7A-D687-495E-A352-E4D0F8D0089A}.Debug|Any CPU.Build.0 = Debug|Any CPU
		{5E5DBC7A-D687-495E-A352-E4D0F8D0089A}.Release|Any CPU.ActiveCfg = Release|Any CPU
		{5E5DBC7A-D687-495E-A352-E4D0F8D0089A}.Release|Any CPU.Build.0 = Release|Any CPU
	EndGlobalSection
	GlobalSection(SolutionProperties) = preSolution
		HideSolutionNode = FALSE
	EndGlobalSection
	GlobalSection(ExtensibilityGlobals) = postSolution
		SolutionGuid = {3D6F2FCD-E7B2-4251-ADD1-80EC6C15AF59}
	EndGlobalSection
EndGlobal
